
Microsoft Visual Studio Solution File, Format Version 12.00
# Visual Studio 14
VisualStudioVersion = 14.0.25420.1
MinimumVisualStudioVersion = 10.0.40219.1
Project("{FAE04EC0-301F-11D3-BF4B-00C04F79EFBC}") = "Labatron", "Labatron\Labatron.csproj", "{4EBA471F-294C-45A1-84C8-0BB5964FF43C}"
EndProject
Project("{FAE04EC0-301F-11D3-BF4B-00C04F79EFBC}") = "CUI", "..\..\Visual Studio 2015\Projects\CUI\CUI\CUI.csproj", "{8399914C-0B7E-448A-B627-F2E74DFA69ED}"
EndProject
Global
	GlobalSection(SolutionConfigurationPlatforms) = preSolution
		Debug|Any CPU = Debug|Any CPU
		Release|Any CPU = Release|Any CPU
	EndGlobalSection
	GlobalSection(ProjectConfigurationPlatforms) = postSolution
		{4EBA471F-294C-45A1-84C8-0BB5964FF43C}.Debug|Any CPU.ActiveCfg = Debug|Any CPU
		{4EBA471F-294C-45A1-84C8-0BB5964FF43C}.Debug|Any CPU.Build.0 = Debug|Any CPU
		{4EBA471F-294C-45A1-84C8-0BB5964FF43C}.Release|Any CPU.ActiveCfg = Release|Any CPU
		{4EBA471F-294C-45A1-84C8-0BB5964FF43C}.Release|Any CPU.Build.0 = Release|Any CPU
		{8399914C-0B7E-448A-B627-F2E74DFA69ED}.Debug|Any CPU.ActiveCfg = Debug|Any CPU
		{8399914C-0B7E-448A-B627-F2E74DFA69ED}.Debug|Any CPU.Build.0 = Debug|Any CPU
		{8399914C-0B7E-448A-B627-F2E74DFA69ED}.Release|Any CPU.ActiveCfg = Release|Any CPU
		{8399914C-0B7E-448A-B627-F2E74DFA69ED}.Release|Any CPU.Build.0 = Release|Any CPU
	EndGlobalSection
	GlobalSection(SolutionProperties) = preSolution
		HideSolutionNode = FALSE
	EndGlobalSection
EndGlobal
